
Microsoft Visual Studio Solution File, Format Version 12.00
# Visual Studio Version 16
VisualStudioVersion = 16.0.33130.400
MinimumVisualStudioVersion = 10.0.40219.1
Project("{9A19103F-16F7-4668-BE54-9A1E7A4F7556}") = "SalesMicroservice", "SalesMicroservice\SalesMicroservice.csproj", "{0E46AD10-75B8-436E-B8C1-D52E663A0773}"
EndProject
Project("{9A19103F-16F7-4668-BE54-9A1E7A4F7556}") = "DadaRepositories", "DadaRepositories\DadaRepositories.csproj", "{F83B678C-1480-46E8-B5CB-D4436EC8E618}"
EndProject
Project("{FAE04EC0-301F-11D3-BF4B-00C04F79EFBC}") = "Utilities", "Utilities\Utilities.csproj", "{13EF0945-81CC-49FC-9616-D322AE0F827E}"
EndProject
Global
	GlobalSection(SolutionConfigurationPlatforms) = preSolution
		Debug|Any CPU = Debug|Any CPU
		Release|Any CPU = Release|Any CPU
	EndGlobalSection
	GlobalSection(ProjectConfigurationPlatforms) = postSolution
		{0E46AD10-75B8-436E-B8C1-D52E663A0773}.Debug|Any CPU.ActiveCfg = Debug|Any CPU
		{0E46AD10-75B8-436E-B8C1-D52E663A0773}.Debug|Any CPU.Build.0 = Debug|Any CPU
		{0E46AD10-75B8-436E-B8C1-D52E663A0773}.Release|Any CPU.ActiveCfg = Release|Any CPU
		{0E46AD10-75B8-436E-B8C1-D52E663A0773}.Release|Any CPU.Build.0 = Release|Any CPU
		{F83B678C-1480-46E8-B5CB-D4436EC8E618}.Debug|Any CPU.ActiveCfg = Debug|Any CPU
		{F83B678C-1480-46E8-B5CB-D4436EC8E618}.Debug|Any CPU.Build.0 = Debug|Any CPU
		{F83B678C-1480-46E8-B5CB-D4436EC8E618}.Release|Any CPU.ActiveCfg = Release|Any CPU
		{F83B678C-1480-46E8-B5CB-D4436EC8E618}.Release|Any CPU.Build.0 = Release|Any CPU
		{13EF0945-81CC-49FC-9616-D322AE0F827E}.Debug|Any CPU.ActiveCfg = Debug|Any CPU
		{13EF0945-81CC-49FC-9616-D322AE0F827E}.Debug|Any CPU.Build.0 = Debug|Any CPU
		{13EF0945-81CC-49FC-9616-D322AE0F827E}.Release|Any CPU.ActiveCfg = Release|Any CPU
		{13EF0945-81CC-49FC-9616-D322AE0F827E}.Release|Any CPU.Build.0 = Release|Any CPU
	EndGlobalSection
	GlobalSection(SolutionProperties) = preSolution
		HideSolutionNode = FALSE
	EndGlobalSection
	GlobalSection(ExtensibilityGlobals) = postSolution
		SolutionGuid = {6EE02ED5-A064-40A4-B1D9-9AAFD3A94406}
	EndGlobalSection
EndGlobal
